
Microsoft Visual Studio Solution File, Format Version 12.00
# Visual Studio 15
VisualStudioVersion = 15.0.27703.2035
MinimumVisualStudioVersion = 10.0.40219.1
Project("{FAE04EC0-301F-11D3-BF4B-00C04F79EFBC}") = "FbxNet", "FbxNet\FbxNet.csproj", "{A248AD2B-E730-419C-8C7C-0EA3BA9A3A06}"
EndProject
Project("{8BC9CEB8-8B4A-11D0-8D11-00A0C91BC942}") = "LibFbxSdkConsole", "LibFbxSdkConsole\LibFbxSdkConsole.vcxproj", "{021CC351-B15E-4BA8-B2BA-9698D18ED956}"
EndProject
Global
	GlobalSection(SolutionConfigurationPlatforms) = preSolution
		Debug|Any CPU = Debug|Any CPU
		Debug|x64 = Debug|x64
		Debug|x86 = Debug|x86
		Release|Any CPU = Release|Any CPU
		Release|x64 = Release|x64
		Release|x86 = Release|x86
	EndGlobalSection
	GlobalSection(ProjectConfigurationPlatforms) = postSolution
		{A248AD2B-E730-419C-8C7C-0EA3BA9A3A06}.Debug|Any CPU.ActiveCfg = Debug|Any CPU
		{A248AD2B-E730-419C-8C7C-0EA3BA9A3A06}.Debug|Any CPU.Build.0 = Debug|Any CPU
		{A248AD2B-E730-419C-8C7C-0EA3BA9A3A06}.Debug|x64.ActiveCfg = Debug|Any CPU
		{A248AD2B-E730-419C-8C7C-0EA3BA9A3A06}.Debug|x64.Build.0 = Debug|Any CPU
		{A248AD2B-E730-419C-8C7C-0EA3BA9A3A06}.Debug|x86.ActiveCfg = Debug|Any CPU
		{A248AD2B-E730-419C-8C7C-0EA3BA9A3A06}.Debug|x86.Build.0 = Debug|Any CPU
		{A248AD2B-E730-419C-8C7C-0EA3BA9A3A06}.Release|Any CPU.ActiveCfg = Release|Any CPU
		{A248AD2B-E730-419C-8C7C-0EA3BA9A3A06}.Release|Any CPU.Build.0 = Release|Any CPU
		{A248AD2B-E730-419C-8C7C-0EA3BA9A3A06}.Release|x64.ActiveCfg = Release|Any CPU
		{A248AD2B-E730-419C-8C7C-0EA3BA9A3A06}.Release|x64.Build.0 = Release|Any CPU
		{A248AD2B-E730-419C-8C7C-0EA3BA9A3A06}.Release|x86.ActiveCfg = Release|Any CPU
		{A248AD2B-E730-419C-8C7C-0EA3BA9A3A06}.Release|x86.Build.0 = Release|Any CPU
		{021CC351-B15E-4BA8-B2BA-9698D18ED956}.Debug|Any CPU.ActiveCfg = Debug|Win32
		{021CC351-B15E-4BA8-B2BA-9698D18ED956}.Debug|x64.ActiveCfg = Debug|x64
		{021CC351-B15E-4BA8-B2BA-9698D18ED956}.Debug|x64.Build.0 = Debug|x64
		{021CC351-B15E-4BA8-B2BA-9698D18ED956}.Debug|x86.ActiveCfg = Debug|Win32
		{021CC351-B15E-4BA8-B2BA-9698D18ED956}.Debug|x86.Build.0 = Debug|Win32
		{021CC351-B15E-4BA8-B2BA-9698D18ED956}.Release|Any CPU.ActiveCfg = Release|Win32
		{021CC351-B15E-4BA8-B2BA-9698D18ED956}.Release|x64.ActiveCfg = Release|x64
		{021CC351-B15E-4BA8-B2BA-9698D18ED956}.Release|x64.Build.0 = Release|x64
		{021CC351-B15E-4BA8-B2BA-9698D18ED956}.Release|x86.ActiveCfg = Release|Win32
		{021CC351-B15E-4BA8-B2BA-9698D18ED956}.Release|x86.Build.0 = Release|Win32
	EndGlobalSection
	GlobalSection(SolutionProperties) = preSolution
		HideSolutionNode = FALSE
	EndGlobalSection
	GlobalSection(ExtensibilityGlobals) = postSolution
		SolutionGuid = {C63A978F-8AB6-48E0-908B-181944507C51}
	EndGlobalSection
EndGlobal
